
Microsoft Visual Studio Solution File, Format Version 12.00
# Visual Studio Version 16
VisualStudioVersion = 16.0.30907.101
MinimumVisualStudioVersion = 10.0.40219.1
Project("{FAE04EC0-301F-11D3-BF4B-00C04F79EFBC}") = "DZ4-Task2", "DZ4-Task2\DZ4-Task2.csproj", "{16E4CCF1-296C-46FD-9C9E-552AF4A3B805}"
EndProject
Global
	GlobalSection(SolutionConfigurationPlatforms) = preSolution
		Debug|Any CPU = Debug|Any CPU
		Release|Any CPU = Release|Any CPU
	EndGlobalSection
	GlobalSection(ProjectConfigurationPlatforms) = postSolution
		{16E4CCF1-296C-46FD-9C9E-552AF4A3B805}.Debug|Any CPU.ActiveCfg = Debug|Any CPU
		{16E4CCF1-296C-46FD-9C9E-552AF4A3B805}.Debug|Any CPU.Build.0 = Debug|Any CPU
		{16E4CCF1-296C-46FD-9C9E-552AF4A3B805}.Release|Any CPU.ActiveCfg = Release|Any CPU
		{16E4CCF1-296C-46FD-9C9E-552AF4A3B805}.Release|Any CPU.Build.0 = Release|Any CPU
	EndGlobalSection
	GlobalSection(SolutionProperties) = preSolution
		HideSolutionNode = FALSE
	EndGlobalSection
	GlobalSection(ExtensibilityGlobals) = postSolution
		SolutionGuid = {7709BE8F-ACF4-4CD3-A326-8488975779E0}
	EndGlobalSection
EndGlobal
