
Microsoft Visual Studio Solution File, Format Version 12.00
# Visual Studio Version 16
VisualStudioVersion = 16.0.30907.101
MinimumVisualStudioVersion = 10.0.40219.1
Project("{FAE04EC0-301F-11D3-BF4B-00C04F79EFBC}") = "DZ4-Task3", "DZ4-Task3\DZ4-Task3.csproj", "{83A31212-D2C9-4EAE-8819-95A8FCC40C40}"
EndProject
Global
	GlobalSection(SolutionConfigurationPlatforms) = preSolution
		Debug|Any CPU = Debug|Any CPU
		Release|Any CPU = Release|Any CPU
	EndGlobalSection
	GlobalSection(ProjectConfigurationPlatforms) = postSolution
		{83A31212-D2C9-4EAE-8819-95A8FCC40C40}.Debug|Any CPU.ActiveCfg = Debug|Any CPU
		{83A31212-D2C9-4EAE-8819-95A8FCC40C40}.Debug|Any CPU.Build.0 = Debug|Any CPU
		{83A31212-D2C9-4EAE-8819-95A8FCC40C40}.Release|Any CPU.ActiveCfg = Release|Any CPU
		{83A31212-D2C9-4EAE-8819-95A8FCC40C40}.Release|Any CPU.Build.0 = Release|Any CPU
	EndGlobalSection
	GlobalSection(SolutionProperties) = preSolution
		HideSolutionNode = FALSE
	EndGlobalSection
	GlobalSection(ExtensibilityGlobals) = postSolution
		SolutionGuid = {03778367-E72B-4902-89B7-314A819D85D7}
	EndGlobalSection
EndGlobal
