
Microsoft Visual Studio Solution File, Format Version 12.00
# Visual Studio Version 16
VisualStudioVersion = 16.0.30907.101
MinimumVisualStudioVersion = 10.0.40219.1
Project("{FAE04EC0-301F-11D3-BF4B-00C04F79EFBC}") = "DZ4-Task1", "DZ4-Task1\DZ4-Task1.csproj", "{0B9AA6BD-8C86-4E3D-B764-A41F98109C31}"
EndProject
Global
	GlobalSection(SolutionConfigurationPlatforms) = preSolution
		Debug|Any CPU = Debug|Any CPU
		Release|Any CPU = Release|Any CPU
	EndGlobalSection
	GlobalSection(ProjectConfigurationPlatforms) = postSolution
		{0B9AA6BD-8C86-4E3D-B764-A41F98109C31}.Debug|Any CPU.ActiveCfg = Debug|Any CPU
		{0B9AA6BD-8C86-4E3D-B764-A41F98109C31}.Debug|Any CPU.Build.0 = Debug|Any CPU
		{0B9AA6BD-8C86-4E3D-B764-A41F98109C31}.Release|Any CPU.ActiveCfg = Release|Any CPU
		{0B9AA6BD-8C86-4E3D-B764-A41F98109C31}.Release|Any CPU.Build.0 = Release|Any CPU
	EndGlobalSection
	GlobalSection(SolutionProperties) = preSolution
		HideSolutionNode = FALSE
	EndGlobalSection
	GlobalSection(ExtensibilityGlobals) = postSolution
		SolutionGuid = {03F65942-2BC1-42BF-B868-25DBABE0B12B}
	EndGlobalSection
EndGlobal
