
Microsoft Visual Studio Solution File, Format Version 12.00
# Visual Studio Version 16
VisualStudioVersion = 16.0.30907.101
MinimumVisualStudioVersion = 10.0.40219.1
Project("{FAE04EC0-301F-11D3-BF4B-00C04F79EFBC}") = "Task4", "Task4\Task4.csproj", "{B60B4423-DC4B-49F5-B74C-D327E0D87331}"
EndProject
Global
	GlobalSection(SolutionConfigurationPlatforms) = preSolution
		Debug|Any CPU = Debug|Any CPU
		Release|Any CPU = Release|Any CPU
	EndGlobalSection
	GlobalSection(ProjectConfigurationPlatforms) = postSolution
		{B60B4423-DC4B-49F5-B74C-D327E0D87331}.Debug|Any CPU.ActiveCfg = Debug|Any CPU
		{B60B4423-DC4B-49F5-B74C-D327E0D87331}.Debug|Any CPU.Build.0 = Debug|Any CPU
		{B60B4423-DC4B-49F5-B74C-D327E0D87331}.Release|Any CPU.ActiveCfg = Release|Any CPU
		{B60B4423-DC4B-49F5-B74C-D327E0D87331}.Release|Any CPU.Build.0 = Release|Any CPU
	EndGlobalSection
	GlobalSection(SolutionProperties) = preSolution
		HideSolutionNode = FALSE
	EndGlobalSection
	GlobalSection(ExtensibilityGlobals) = postSolution
		SolutionGuid = {2ABB600D-84BB-43A3-8159-4167746C2B77}
	EndGlobalSection
EndGlobal
