
Microsoft Visual Studio Solution File, Format Version 12.00
# Visual Studio Version 16
VisualStudioVersion = 16.0.30907.101
MinimumVisualStudioVersion = 10.0.40219.1
Project("{2150E333-8FDC-42A3-9474-1A3956D46DE8}") = "DZ1", "DZ1", "{C6BFA493-177D-46F1-BF60-B6225A186E2C}"
EndProject
Project("{FAE04EC0-301F-11D3-BF4B-00C04F79EFBC}") = "DZ1", "DZ1\DZ1.csproj", "{14E699FA-42A8-448F-ACEF-D51928373167}"
EndProject
Project("{FAE04EC0-301F-11D3-BF4B-00C04F79EFBC}") = "Job1", "DZ2\Task1\Job1.csproj", "{506EB647-4EB4-4FAD-A3EC-E07E7285A58B}"
EndProject
Project("{FAE04EC0-301F-11D3-BF4B-00C04F79EFBC}") = "Job2", "DZ2\Task2\Job2.csproj", "{8C5F5DED-D89C-4474-B30F-65AA411F5690}"
EndProject
Project("{FAE04EC0-301F-11D3-BF4B-00C04F79EFBC}") = "Job3", "DZ2\Task3\Job3.csproj", "{6559B166-3A1C-4C8A-B09C-701543B3D5D6}"
EndProject
Project("{FAE04EC0-301F-11D3-BF4B-00C04F79EFBC}") = "Job4", "DZ2\Task4\Job4.csproj", "{EE2690B3-0060-4763-B78F-C50454FFE449}"
EndProject
Project("{2150E333-8FDC-42A3-9474-1A3956D46DE8}") = "DZ2", "DZ2", "{10259034-0527-4038-97E1-69CD584C579C}"
EndProject
Global
	GlobalSection(SolutionConfigurationPlatforms) = preSolution
		Debug|Any CPU = Debug|Any CPU
		Release|Any CPU = Release|Any CPU
	EndGlobalSection
	GlobalSection(ProjectConfigurationPlatforms) = postSolution
		{14E699FA-42A8-448F-ACEF-D51928373167}.Debug|Any CPU.ActiveCfg = Debug|Any CPU
		{14E699FA-42A8-448F-ACEF-D51928373167}.Debug|Any CPU.Build.0 = Debug|Any CPU
		{14E699FA-42A8-448F-ACEF-D51928373167}.Release|Any CPU.ActiveCfg = Release|Any CPU
		{14E699FA-42A8-448F-ACEF-D51928373167}.Release|Any CPU.Build.0 = Release|Any CPU
		{506EB647-4EB4-4FAD-A3EC-E07E7285A58B}.Debug|Any CPU.ActiveCfg = Debug|Any CPU
		{506EB647-4EB4-4FAD-A3EC-E07E7285A58B}.Debug|Any CPU.Build.0 = Debug|Any CPU
		{506EB647-4EB4-4FAD-A3EC-E07E7285A58B}.Release|Any CPU.ActiveCfg = Release|Any CPU
		{506EB647-4EB4-4FAD-A3EC-E07E7285A58B}.Release|Any CPU.Build.0 = Release|Any CPU
		{8C5F5DED-D89C-4474-B30F-65AA411F5690}.Debug|Any CPU.ActiveCfg = Debug|Any CPU
		{8C5F5DED-D89C-4474-B30F-65AA411F5690}.Debug|Any CPU.Build.0 = Debug|Any CPU
		{8C5F5DED-D89C-4474-B30F-65AA411F5690}.Release|Any CPU.ActiveCfg = Release|Any CPU
		{8C5F5DED-D89C-4474-B30F-65AA411F5690}.Release|Any CPU.Build.0 = Release|Any CPU
		{6559B166-3A1C-4C8A-B09C-701543B3D5D6}.Debug|Any CPU.ActiveCfg = Debug|Any CPU
		{6559B166-3A1C-4C8A-B09C-701543B3D5D6}.Debug|Any CPU.Build.0 = Debug|Any CPU
		{6559B166-3A1C-4C8A-B09C-701543B3D5D6}.Release|Any CPU.ActiveCfg = Release|Any CPU
		{6559B166-3A1C-4C8A-B09C-701543B3D5D6}.Release|Any CPU.Build.0 = Release|Any CPU
		{EE2690B3-0060-4763-B78F-C50454FFE449}.Debug|Any CPU.ActiveCfg = Debug|Any CPU
		{EE2690B3-0060-4763-B78F-C50454FFE449}.Debug|Any CPU.Build.0 = Debug|Any CPU
		{EE2690B3-0060-4763-B78F-C50454FFE449}.Release|Any CPU.ActiveCfg = Release|Any CPU
		{EE2690B3-0060-4763-B78F-C50454FFE449}.Release|Any CPU.Build.0 = Release|Any CPU
	EndGlobalSection
	GlobalSection(SolutionProperties) = preSolution
		HideSolutionNode = FALSE
	EndGlobalSection
	GlobalSection(NestedProjects) = preSolution
		{14E699FA-42A8-448F-ACEF-D51928373167} = {C6BFA493-177D-46F1-BF60-B6225A186E2C}
		{506EB647-4EB4-4FAD-A3EC-E07E7285A58B} = {10259034-0527-4038-97E1-69CD584C579C}
		{8C5F5DED-D89C-4474-B30F-65AA411F5690} = {10259034-0527-4038-97E1-69CD584C579C}
		{6559B166-3A1C-4C8A-B09C-701543B3D5D6} = {10259034-0527-4038-97E1-69CD584C579C}
		{EE2690B3-0060-4763-B78F-C50454FFE449} = {10259034-0527-4038-97E1-69CD584C579C}
	EndGlobalSection
	GlobalSection(ExtensibilityGlobals) = postSolution
		SolutionGuid = {117A383C-68B9-4D75-9E7A-DF19F7065C83}
	EndGlobalSection
EndGlobal
